
Microsoft Visual Studio Solution File, Format Version 12.00
# Visual Studio Version 16
VisualStudioVersion = 16.0.31129.286
MinimumVisualStudioVersion = 10.0.40219.1
Project("{FAE04EC0-301F-11D3-BF4B-00C04F79EFBC}") = "ESC_MANEJO.WEB", "ESC_MANEJO.WEB\ESC_MANEJO.WEB.csproj", "{65A54BBB-7044-4C31-9E31-5CBFD44706FD}"
EndProject
Project("{FAE04EC0-301F-11D3-BF4B-00C04F79EFBC}") = "ESC_MANEJO.CORE", "ESC_MANEJO.CORE\ESC_MANEJO.CORE.csproj", "{A6662F9A-8A41-4FFF-8A24-35C2D72A99E6}"
EndProject
Project("{FAE04EC0-301F-11D3-BF4B-00C04F79EFBC}") = "ESC_MANEJO.INFRASTRUCTURE", "ESC_MANEJO.INFRASTRUCTURE\ESC_MANEJO.INFRASTRUCTURE.csproj", "{2F6D1D45-1178-4119-9088-23C368ACEEB5}"
EndProject
Global
	GlobalSection(SolutionConfigurationPlatforms) = preSolution
		Debug|Any CPU = Debug|Any CPU
		Release|Any CPU = Release|Any CPU
	EndGlobalSection
	GlobalSection(ProjectConfigurationPlatforms) = postSolution
		{65A54BBB-7044-4C31-9E31-5CBFD44706FD}.Debug|Any CPU.ActiveCfg = Debug|Any CPU
		{65A54BBB-7044-4C31-9E31-5CBFD44706FD}.Debug|Any CPU.Build.0 = Debug|Any CPU
		{65A54BBB-7044-4C31-9E31-5CBFD44706FD}.Release|Any CPU.ActiveCfg = Release|Any CPU
		{65A54BBB-7044-4C31-9E31-5CBFD44706FD}.Release|Any CPU.Build.0 = Release|Any CPU
		{A6662F9A-8A41-4FFF-8A24-35C2D72A99E6}.Debug|Any CPU.ActiveCfg = Debug|Any CPU
		{A6662F9A-8A41-4FFF-8A24-35C2D72A99E6}.Debug|Any CPU.Build.0 = Debug|Any CPU
		{A6662F9A-8A41-4FFF-8A24-35C2D72A99E6}.Release|Any CPU.ActiveCfg = Release|Any CPU
		{A6662F9A-8A41-4FFF-8A24-35C2D72A99E6}.Release|Any CPU.Build.0 = Release|Any CPU
		{2F6D1D45-1178-4119-9088-23C368ACEEB5}.Debug|Any CPU.ActiveCfg = Debug|Any CPU
		{2F6D1D45-1178-4119-9088-23C368ACEEB5}.Debug|Any CPU.Build.0 = Debug|Any CPU
		{2F6D1D45-1178-4119-9088-23C368ACEEB5}.Release|Any CPU.ActiveCfg = Release|Any CPU
		{2F6D1D45-1178-4119-9088-23C368ACEEB5}.Release|Any CPU.Build.0 = Release|Any CPU
	EndGlobalSection
	GlobalSection(SolutionProperties) = preSolution
		HideSolutionNode = FALSE
	EndGlobalSection
	GlobalSection(ExtensibilityGlobals) = postSolution
		SolutionGuid = {5BEF3E0C-4FC9-435B-B2E8-C74FDA5669C8}
	EndGlobalSection
EndGlobal
